
Microsoft Visual Studio Solution File, Format Version 12.00
# Visual Studio Version 16
VisualStudioVersion = 16.0.30907.101
MinimumVisualStudioVersion = 10.0.40219.1
Project("{FAE04EC0-301F-11D3-BF4B-00C04F79EFBC}") = "WpfCalculatorApp", "WpfCalculatorApp\WpfCalculatorApp.csproj", "{94167BC2-1730-4D91-834D-418EEB573BDF}"
EndProject
Global
	GlobalSection(SolutionConfigurationPlatforms) = preSolution
		Debug|Any CPU = Debug|Any CPU
		Release|Any CPU = Release|Any CPU
	EndGlobalSection
	GlobalSection(ProjectConfigurationPlatforms) = postSolution
		{94167BC2-1730-4D91-834D-418EEB573BDF}.Debug|Any CPU.ActiveCfg = Debug|Any CPU
		{94167BC2-1730-4D91-834D-418EEB573BDF}.Debug|Any CPU.Build.0 = Debug|Any CPU
		{94167BC2-1730-4D91-834D-418EEB573BDF}.Release|Any CPU.ActiveCfg = Release|Any CPU
		{94167BC2-1730-4D91-834D-418EEB573BDF}.Release|Any CPU.Build.0 = Release|Any CPU
	EndGlobalSection
	GlobalSection(SolutionProperties) = preSolution
		HideSolutionNode = FALSE
	EndGlobalSection
	GlobalSection(ExtensibilityGlobals) = postSolution
		SolutionGuid = {09D6D440-6DC3-44AA-B4CF-1FEC6F0EAC82}
	EndGlobalSection
EndGlobal
