
Microsoft Visual Studio Solution File, Format Version 12.00
# Visual Studio Version 16
VisualStudioVersion = 16.0.30907.101
MinimumVisualStudioVersion = 10.0.40219.1
Project("{FAE04EC0-301F-11D3-BF4B-00C04F79EFBC}") = "DateCalcApp", "DateCalcApp\DateCalcApp.csproj", "{D926DF0B-5A42-4338-AF5F-F668FEBD676F}"
EndProject
Global
	GlobalSection(SolutionConfigurationPlatforms) = preSolution
		Debug|Any CPU = Debug|Any CPU
		Release|Any CPU = Release|Any CPU
	EndGlobalSection
	GlobalSection(ProjectConfigurationPlatforms) = postSolution
		{D926DF0B-5A42-4338-AF5F-F668FEBD676F}.Debug|Any CPU.ActiveCfg = Debug|Any CPU
		{D926DF0B-5A42-4338-AF5F-F668FEBD676F}.Debug|Any CPU.Build.0 = Debug|Any CPU
		{D926DF0B-5A42-4338-AF5F-F668FEBD676F}.Release|Any CPU.ActiveCfg = Release|Any CPU
		{D926DF0B-5A42-4338-AF5F-F668FEBD676F}.Release|Any CPU.Build.0 = Release|Any CPU
	EndGlobalSection
	GlobalSection(SolutionProperties) = preSolution
		HideSolutionNode = FALSE
	EndGlobalSection
	GlobalSection(ExtensibilityGlobals) = postSolution
		SolutionGuid = {2999BE1D-663C-4305-913B-D9EA749D1D86}
	EndGlobalSection
EndGlobal
