
Microsoft Visual Studio Solution File, Format Version 12.00
# Visual Studio Version 16
VisualStudioVersion = 16.0.31025.194
MinimumVisualStudioVersion = 10.0.40219.1
Project("{FAE04EC0-301F-11D3-BF4B-00C04F79EFBC}") = "ListboxWinApp", "ListboxWinApp\ListboxWinApp.csproj", "{5A877347-C73B-4722-9DCB-A9840A0D9F0A}"
EndProject
Project("{FAE04EC0-301F-11D3-BF4B-00C04F79EFBC}") = "RestaurentSelApp", "RestaurentSelApp\RestaurentSelApp.csproj", "{347D6DFB-1B4D-4DD5-B4AB-D6585EA4FFAF}"
EndProject
Project("{FAE04EC0-301F-11D3-BF4B-00C04F79EFBC}") = "TravelWishApp", "TravelWishApp\TravelWishApp.csproj", "{CF76EA0C-6DCC-4D1C-A329-43045EC747D9}"
EndProject
Project("{FAE04EC0-301F-11D3-BF4B-00C04F79EFBC}") = "ListViewApp", "ListViewApp\ListViewApp.csproj", "{AF86C69E-4150-4B1E-99D2-7BCE3BD435B6}"
EndProject
Project("{FAE04EC0-301F-11D3-BF4B-00C04F79EFBC}") = "StudyHistroyApp", "StudyHistroyApp\StudyHistroyApp.csproj", "{C4887AF6-967E-4527-A370-AFB8C62C6C16}"
EndProject
Project("{FAE04EC0-301F-11D3-BF4B-00C04F79EFBC}") = "DigitalClockApp", "DigitalClockApp\DigitalClockApp.csproj", "{46C0795F-FEC3-4FDC-A448-F3375F471AE4}"
EndProject
Project("{FAE04EC0-301F-11D3-BF4B-00C04F79EFBC}") = "DateCalcApp", "DateCalcApp\DateCalcApp.csproj", "{67FB60E3-5C57-4145-A873-332260132D93}"
EndProject
Project("{FAE04EC0-301F-11D3-BF4B-00C04F79EFBC}") = "AlarmClockApp", "AlarmClockApp\AlarmClockApp.csproj", "{6198DE36-B06C-4510-AA88-2F2A337A6C4A}"
EndProject
Project("{FAE04EC0-301F-11D3-BF4B-00C04F79EFBC}") = "MoviePlayerApp", "MoviePlayerApp\MoviePlayerApp.csproj", "{BDA99AAF-D9ED-4BAE-86D5-0AA20DEDDC5B}"
EndProject
Project("{FAE04EC0-301F-11D3-BF4B-00C04F79EFBC}") = "TextViewerApp", "TextViewerApp\TextViewerApp.csproj", "{3C4013BF-7110-4B8B-AA15-382137424167}"
EndProject
Project("{FAE04EC0-301F-11D3-BF4B-00C04F79EFBC}") = "SimpleGraphicEditor", "SimpleGraphicEditor\SimpleGraphicEditor.csproj", "{5051F368-DFAC-4838-B6DA-63328238DB28}"
EndProject
Project("{FAE04EC0-301F-11D3-BF4B-00C04F79EFBC}") = "HellpWpfApp", "HellpWpfApp\HellpWpfApp.csproj", "{2FC7E1F3-80F1-4E35-BBD1-CBE583BC68C8}"
EndProject
Project("{FAE04EC0-301F-11D3-BF4B-00C04F79EFBC}") = "WpfLayoutApp", "WpfLayoutApp\WpfLayoutApp.csproj", "{ED1252DB-2751-41BD-A4D9-D74766F6B8CB}"
EndProject
Project("{FAE04EC0-301F-11D3-BF4B-00C04F79EFBC}") = "BmiCalcApp", "BmiCalcApp\BmiCalcApp.csproj", "{C85372E5-59B5-42F7-A537-FC905EDA0746}"
EndProject
Project("{FAE04EC0-301F-11D3-BF4B-00C04F79EFBC}") = "BlinkerApp", "BlinkerApp\BlinkerApp.csproj", "{4C912A7F-9227-4C0A-9CF3-4F9AB635D2B4}"
EndProject
Global
	GlobalSection(SolutionConfigurationPlatforms) = preSolution
		Debug|Any CPU = Debug|Any CPU
		Release|Any CPU = Release|Any CPU
	EndGlobalSection
	GlobalSection(ProjectConfigurationPlatforms) = postSolution
		{5A877347-C73B-4722-9DCB-A9840A0D9F0A}.Debug|Any CPU.ActiveCfg = Debug|Any CPU
		{5A877347-C73B-4722-9DCB-A9840A0D9F0A}.Debug|Any CPU.Build.0 = Debug|Any CPU
		{5A877347-C73B-4722-9DCB-A9840A0D9F0A}.Release|Any CPU.ActiveCfg = Release|Any CPU
		{5A877347-C73B-4722-9DCB-A9840A0D9F0A}.Release|Any CPU.Build.0 = Release|Any CPU
		{347D6DFB-1B4D-4DD5-B4AB-D6585EA4FFAF}.Debug|Any CPU.ActiveCfg = Debug|Any CPU
		{347D6DFB-1B4D-4DD5-B4AB-D6585EA4FFAF}.Debug|Any CPU.Build.0 = Debug|Any CPU
		{347D6DFB-1B4D-4DD5-B4AB-D6585EA4FFAF}.Release|Any CPU.ActiveCfg = Release|Any CPU
		{347D6DFB-1B4D-4DD5-B4AB-D6585EA4FFAF}.Release|Any CPU.Build.0 = Release|Any CPU
		{CF76EA0C-6DCC-4D1C-A329-43045EC747D9}.Debug|Any CPU.ActiveCfg = Debug|Any CPU
		{CF76EA0C-6DCC-4D1C-A329-43045EC747D9}.Debug|Any CPU.Build.0 = Debug|Any CPU
		{CF76EA0C-6DCC-4D1C-A329-43045EC747D9}.Release|Any CPU.ActiveCfg = Release|Any CPU
		{CF76EA0C-6DCC-4D1C-A329-43045EC747D9}.Release|Any CPU.Build.0 = Release|Any CPU
		{AF86C69E-4150-4B1E-99D2-7BCE3BD435B6}.Debug|Any CPU.ActiveCfg = Debug|Any CPU
		{AF86C69E-4150-4B1E-99D2-7BCE3BD435B6}.Debug|Any CPU.Build.0 = Debug|Any CPU
		{AF86C69E-4150-4B1E-99D2-7BCE3BD435B6}.Release|Any CPU.ActiveCfg = Release|Any CPU
		{AF86C69E-4150-4B1E-99D2-7BCE3BD435B6}.Release|Any CPU.Build.0 = Release|Any CPU
		{C4887AF6-967E-4527-A370-AFB8C62C6C16}.Debug|Any CPU.ActiveCfg = Debug|Any CPU
		{C4887AF6-967E-4527-A370-AFB8C62C6C16}.Debug|Any CPU.Build.0 = Debug|Any CPU
		{C4887AF6-967E-4527-A370-AFB8C62C6C16}.Release|Any CPU.ActiveCfg = Release|Any CPU
		{C4887AF6-967E-4527-A370-AFB8C62C6C16}.Release|Any CPU.Build.0 = Release|Any CPU
		{46C0795F-FEC3-4FDC-A448-F3375F471AE4}.Debug|Any CPU.ActiveCfg = Debug|Any CPU
		{46C0795F-FEC3-4FDC-A448-F3375F471AE4}.Debug|Any CPU.Build.0 = Debug|Any CPU
		{46C0795F-FEC3-4FDC-A448-F3375F471AE4}.Release|Any CPU.ActiveCfg = Release|Any CPU
		{46C0795F-FEC3-4FDC-A448-F3375F471AE4}.Release|Any CPU.Build.0 = Release|Any CPU
		{67FB60E3-5C57-4145-A873-332260132D93}.Debug|Any CPU.ActiveCfg = Debug|Any CPU
		{67FB60E3-5C57-4145-A873-332260132D93}.Debug|Any CPU.Build.0 = Debug|Any CPU
		{67FB60E3-5C57-4145-A873-332260132D93}.Release|Any CPU.ActiveCfg = Release|Any CPU
		{67FB60E3-5C57-4145-A873-332260132D93}.Release|Any CPU.Build.0 = Release|Any CPU
		{6198DE36-B06C-4510-AA88-2F2A337A6C4A}.Debug|Any CPU.ActiveCfg = Debug|Any CPU
		{6198DE36-B06C-4510-AA88-2F2A337A6C4A}.Debug|Any CPU.Build.0 = Debug|Any CPU
		{6198DE36-B06C-4510-AA88-2F2A337A6C4A}.Release|Any CPU.ActiveCfg = Release|Any CPU
		{6198DE36-B06C-4510-AA88-2F2A337A6C4A}.Release|Any CPU.Build.0 = Release|Any CPU
		{BDA99AAF-D9ED-4BAE-86D5-0AA20DEDDC5B}.Debug|Any CPU.ActiveCfg = Debug|Any CPU
		{BDA99AAF-D9ED-4BAE-86D5-0AA20DEDDC5B}.Debug|Any CPU.Build.0 = Debug|Any CPU
		{BDA99AAF-D9ED-4BAE-86D5-0AA20DEDDC5B}.Release|Any CPU.ActiveCfg = Release|Any CPU
		{BDA99AAF-D9ED-4BAE-86D5-0AA20DEDDC5B}.Release|Any CPU.Build.0 = Release|Any CPU
		{3C4013BF-7110-4B8B-AA15-382137424167}.Debug|Any CPU.ActiveCfg = Debug|Any CPU
		{3C4013BF-7110-4B8B-AA15-382137424167}.Debug|Any CPU.Build.0 = Debug|Any CPU
		{3C4013BF-7110-4B8B-AA15-382137424167}.Release|Any CPU.ActiveCfg = Release|Any CPU
		{3C4013BF-7110-4B8B-AA15-382137424167}.Release|Any CPU.Build.0 = Release|Any CPU
		{5051F368-DFAC-4838-B6DA-63328238DB28}.Debug|Any CPU.ActiveCfg = Debug|Any CPU
		{5051F368-DFAC-4838-B6DA-63328238DB28}.Debug|Any CPU.Build.0 = Debug|Any CPU
		{5051F368-DFAC-4838-B6DA-63328238DB28}.Release|Any CPU.ActiveCfg = Release|Any CPU
		{5051F368-DFAC-4838-B6DA-63328238DB28}.Release|Any CPU.Build.0 = Release|Any CPU
		{2FC7E1F3-80F1-4E35-BBD1-CBE583BC68C8}.Debug|Any CPU.ActiveCfg = Debug|Any CPU
		{2FC7E1F3-80F1-4E35-BBD1-CBE583BC68C8}.Debug|Any CPU.Build.0 = Debug|Any CPU
		{2FC7E1F3-80F1-4E35-BBD1-CBE583BC68C8}.Release|Any CPU.ActiveCfg = Release|Any CPU
		{2FC7E1F3-80F1-4E35-BBD1-CBE583BC68C8}.Release|Any CPU.Build.0 = Release|Any CPU
		{ED1252DB-2751-41BD-A4D9-D74766F6B8CB}.Debug|Any CPU.ActiveCfg = Debug|Any CPU
		{ED1252DB-2751-41BD-A4D9-D74766F6B8CB}.Debug|Any CPU.Build.0 = Debug|Any CPU
		{ED1252DB-2751-41BD-A4D9-D74766F6B8CB}.Release|Any CPU.ActiveCfg = Release|Any CPU
		{ED1252DB-2751-41BD-A4D9-D74766F6B8CB}.Release|Any CPU.Build.0 = Release|Any CPU
		{C85372E5-59B5-42F7-A537-FC905EDA0746}.Debug|Any CPU.ActiveCfg = Debug|Any CPU
		{C85372E5-59B5-42F7-A537-FC905EDA0746}.Debug|Any CPU.Build.0 = Debug|Any CPU
		{C85372E5-59B5-42F7-A537-FC905EDA0746}.Release|Any CPU.ActiveCfg = Release|Any CPU
		{C85372E5-59B5-42F7-A537-FC905EDA0746}.Release|Any CPU.Build.0 = Release|Any CPU
		{4C912A7F-9227-4C0A-9CF3-4F9AB635D2B4}.Debug|Any CPU.ActiveCfg = Debug|Any CPU
		{4C912A7F-9227-4C0A-9CF3-4F9AB635D2B4}.Debug|Any CPU.Build.0 = Debug|Any CPU
		{4C912A7F-9227-4C0A-9CF3-4F9AB635D2B4}.Release|Any CPU.ActiveCfg = Release|Any CPU
		{4C912A7F-9227-4C0A-9CF3-4F9AB635D2B4}.Release|Any CPU.Build.0 = Release|Any CPU
	EndGlobalSection
	GlobalSection(SolutionProperties) = preSolution
		HideSolutionNode = FALSE
	EndGlobalSection
	GlobalSection(ExtensibilityGlobals) = postSolution
		SolutionGuid = {52557292-77E5-4B50-AA41-285B64EEBCDF}
	EndGlobalSection
EndGlobal
