
Microsoft Visual Studio Solution File, Format Version 12.00
# Visual Studio Version 16
VisualStudioVersion = 16.0.30907.101
MinimumVisualStudioVersion = 10.0.40219.1
Project("{FAE04EC0-301F-11D3-BF4B-00C04F79EFBC}") = "PracticeWinApp", "PracticeWinApp\PracticeWinApp.csproj", "{B8A721B0-055D-449E-845C-BE6B6BFCA949}"
EndProject
Global
	GlobalSection(SolutionConfigurationPlatforms) = preSolution
		Debug|Any CPU = Debug|Any CPU
		Release|Any CPU = Release|Any CPU
	EndGlobalSection
	GlobalSection(ProjectConfigurationPlatforms) = postSolution
		{B8A721B0-055D-449E-845C-BE6B6BFCA949}.Debug|Any CPU.ActiveCfg = Debug|Any CPU
		{B8A721B0-055D-449E-845C-BE6B6BFCA949}.Debug|Any CPU.Build.0 = Debug|Any CPU
		{B8A721B0-055D-449E-845C-BE6B6BFCA949}.Release|Any CPU.ActiveCfg = Release|Any CPU
		{B8A721B0-055D-449E-845C-BE6B6BFCA949}.Release|Any CPU.Build.0 = Release|Any CPU
	EndGlobalSection
	GlobalSection(SolutionProperties) = preSolution
		HideSolutionNode = FALSE
	EndGlobalSection
	GlobalSection(ExtensibilityGlobals) = postSolution
		SolutionGuid = {4EA8A714-D8BE-4E2A-849F-29BDC6E17367}
	EndGlobalSection
EndGlobal
