
Microsoft Visual Studio Solution File, Format Version 12.00
# Visual Studio Version 16
VisualStudioVersion = 16.0.30907.101
MinimumVisualStudioVersion = 10.0.40219.1
Project("{FAE04EC0-301F-11D3-BF4B-00C04F79EFBC}") = "LoginApp", "LoginApp\LoginApp.csproj", "{CE0DC193-AA23-49D5-BCD8-0B3FBF727028}"
EndProject
Global
	GlobalSection(SolutionConfigurationPlatforms) = preSolution
		Debug|Any CPU = Debug|Any CPU
		Release|Any CPU = Release|Any CPU
	EndGlobalSection
	GlobalSection(ProjectConfigurationPlatforms) = postSolution
		{CE0DC193-AA23-49D5-BCD8-0B3FBF727028}.Debug|Any CPU.ActiveCfg = Debug|Any CPU
		{CE0DC193-AA23-49D5-BCD8-0B3FBF727028}.Debug|Any CPU.Build.0 = Debug|Any CPU
		{CE0DC193-AA23-49D5-BCD8-0B3FBF727028}.Release|Any CPU.ActiveCfg = Release|Any CPU
		{CE0DC193-AA23-49D5-BCD8-0B3FBF727028}.Release|Any CPU.Build.0 = Release|Any CPU
	EndGlobalSection
	GlobalSection(SolutionProperties) = preSolution
		HideSolutionNode = FALSE
	EndGlobalSection
	GlobalSection(ExtensibilityGlobals) = postSolution
		SolutionGuid = {35221874-43FB-4A1D-9B65-B9B6E0EBAC41}
	EndGlobalSection
EndGlobal
